
Microsoft Visual Studio Solution File, Format Version 12.00
# Visual Studio Version 17
VisualStudioVersion = 17.6.33815.320
MinimumVisualStudioVersion = 10.0.40219.1
Project("{9A19103F-16F7-4668-BE54-9A1E7A4F7556}") = "CajaVirtualCobrosAPI", "CajaVirtualCobrosAPI\CajaVirtualCobrosAPI.csproj", "{32CB81A7-CB3B-49D7-A341-4FAC6BDF5027}"
EndProject
Global
	GlobalSection(SolutionConfigurationPlatforms) = preSolution
		Debug|Any CPU = Debug|Any CPU
		Release|Any CPU = Release|Any CPU
	EndGlobalSection
	GlobalSection(ProjectConfigurationPlatforms) = postSolution
		{32CB81A7-CB3B-49D7-A341-4FAC6BDF5027}.Debug|Any CPU.ActiveCfg = Debug|Any CPU
		{32CB81A7-CB3B-49D7-A341-4FAC6BDF5027}.Debug|Any CPU.Build.0 = Debug|Any CPU
		{32CB81A7-CB3B-49D7-A341-4FAC6BDF5027}.Release|Any CPU.ActiveCfg = Release|Any CPU
		{32CB81A7-CB3B-49D7-A341-4FAC6BDF5027}.Release|Any CPU.Build.0 = Release|Any CPU
	EndGlobalSection
	GlobalSection(SolutionProperties) = preSolution
		HideSolutionNode = FALSE
	EndGlobalSection
	GlobalSection(ExtensibilityGlobals) = postSolution
		SolutionGuid = {886768CC-736D-4144-886B-9E86C70E7ED4}
	EndGlobalSection
EndGlobal
